// !$*UTF8*$!
{
	archiveVersion = 1;
	classes = {
	};
	objectVersion = 56;
	objects = {

/* Begin PBXBuildFile section */
		A001 /* XyndromeApp.swift in Sources */ = {isa = PBXBuildFile; fileRef = F001 /* XyndromeApp.swift */; };
		A002 /* AuthSession.swift in Sources */ = {isa = PBXBuildFile; fileRef = F002 /* AuthSession.swift */; };
		A003 /* AuthStore.swift in Sources */ = {isa = PBXBuildFile; fileRef = F003 /* AuthStore.swift */; };
		A004 /* KeychainStore.swift in Sources */ = {isa = PBXBuildFile; fileRef = F004 /* KeychainStore.swift */; };
		A005 /* APIClient.swift in Sources */ = {isa = PBXBuildFile; fileRef = F005 /* APIClient.swift */; };
		A006 /* APIEndpoint.swift in Sources */ = {isa = PBXBuildFile; fileRef = F006 /* APIEndpoint.swift */; };
		A007 /* APIError.swift in Sources */ = {isa = PBXBuildFile; fileRef = F007 /* APIError.swift */; };
		A008 /* AppPreferences.swift in Sources */ = {isa = PBXBuildFile; fileRef = F008 /* AppPreferences.swift */; };
		A009 /* CacheStore.swift in Sources */ = {isa = PBXBuildFile; fileRef = F009 /* CacheStore.swift */; };
		A010 /* XyndromeTheme.swift in Sources */ = {isa = PBXBuildFile; fileRef = F010 /* XyndromeTheme.swift */; };
		A010B /* AdaptiveLayout.swift in Sources */ = {isa = PBXBuildFile; fileRef = F010B /* AdaptiveLayout.swift */; };
		A011 /* LoadingView.swift in Sources */ = {isa = PBXBuildFile; fileRef = F011 /* LoadingView.swift */; };
		A012 /* ErrorView.swift in Sources */ = {isa = PBXBuildFile; fileRef = F012 /* ErrorView.swift */; };
		A013 /* XyndromeTextField.swift in Sources */ = {isa = PBXBuildFile; fileRef = F013 /* XyndromeTextField.swift */; };
		A014 /* AppRouter.swift in Sources */ = {isa = PBXBuildFile; fileRef = F014 /* AppRouter.swift */; };
		A015 /* AppRoute.swift in Sources */ = {isa = PBXBuildFile; fileRef = F015 /* AppRoute.swift */; };
		A016 /* DeepLinkHandler.swift in Sources */ = {isa = PBXBuildFile; fileRef = F016 /* DeepLinkHandler.swift */; };
		A017 /* PushNotificationManager.swift in Sources */ = {isa = PBXBuildFile; fileRef = F017 /* PushNotificationManager.swift */; };
		A018 /* AuthModels.swift in Sources */ = {isa = PBXBuildFile; fileRef = F018 /* AuthModels.swift */; };
		A019 /* CourseModels.swift in Sources */ = {isa = PBXBuildFile; fileRef = F019 /* CourseModels.swift */; };
		A020 /* AiNoteModels.swift in Sources */ = {isa = PBXBuildFile; fileRef = F020 /* AiNoteModels.swift */; };
		A021 /* QuizModels.swift in Sources */ = {isa = PBXBuildFile; fileRef = F021 /* QuizModels.swift */; };
		A022 /* ResultModels.swift in Sources */ = {isa = PBXBuildFile; fileRef = F022 /* ResultModels.swift */; };
		A023 /* BillingModels.swift in Sources */ = {isa = PBXBuildFile; fileRef = F023 /* BillingModels.swift */; };
		A024 /* NotificationModels.swift in Sources */ = {isa = PBXBuildFile; fileRef = F024 /* NotificationModels.swift */; };
		A025 /* PlannerModels.swift in Sources */ = {isa = PBXBuildFile; fileRef = F025 /* PlannerModels.swift */; };
		A026 /* BookmarkModels.swift in Sources */ = {isa = PBXBuildFile; fileRef = F026 /* BookmarkModels.swift */; };
		A027 /* DashboardModels.swift in Sources */ = {isa = PBXBuildFile; fileRef = F027 /* DashboardModels.swift */; };
		A028 /* AuthViewModel.swift in Sources */ = {isa = PBXBuildFile; fileRef = F028 /* AuthViewModel.swift */; };
		A029 /* LoginView.swift in Sources */ = {isa = PBXBuildFile; fileRef = F029 /* LoginView.swift */; };
		A030 /* RegisterView.swift in Sources */ = {isa = PBXBuildFile; fileRef = F030 /* RegisterView.swift */; };
		A031 /* ForgotPasswordView.swift in Sources */ = {isa = PBXBuildFile; fileRef = F031 /* ForgotPasswordView.swift */; };
		A032 /* ResetPasswordView.swift in Sources */ = {isa = PBXBuildFile; fileRef = F032 /* ResetPasswordView.swift */; };
		A033 /* StudentDashboardView.swift in Sources */ = {isa = PBXBuildFile; fileRef = F033 /* StudentDashboardView.swift */; };
		A034 /* CoursesView.swift in Sources */ = {isa = PBXBuildFile; fileRef = F034 /* CoursesView.swift */; };
		A035 /* CourseDetailView.swift in Sources */ = {isa = PBXBuildFile; fileRef = F035 /* CourseDetailView.swift */; };
		A036 /* AiNotesListView.swift in Sources */ = {isa = PBXBuildFile; fileRef = F036 /* AiNotesListView.swift */; };
		A037 /* AiNoteDetailView.swift in Sources */ = {isa = PBXBuildFile; fileRef = F037 /* AiNoteDetailView.swift */; };
		A038 /* NoteContentRenderer.swift in Sources */ = {isa = PBXBuildFile; fileRef = F038 /* NoteContentRenderer.swift */; };
		A039 /* QuizListView.swift in Sources */ = {isa = PBXBuildFile; fileRef = F039 /* QuizListView.swift */; };
		A040 /* PracticeQuizView.swift in Sources */ = {isa = PBXBuildFile; fileRef = F040 /* PracticeQuizView.swift */; };
		A041 /* ResultDetailView.swift in Sources */ = {isa = PBXBuildFile; fileRef = F041 /* ResultDetailView.swift */; };
		A042 /* FlashcardsView.swift in Sources */ = {isa = PBXBuildFile; fileRef = F042 /* FlashcardsView.swift */; };
		A043 /* ProfileView.swift in Sources */ = {isa = PBXBuildFile; fileRef = F043 /* ProfileView.swift */; };
		A044 /* BillingView.swift in Sources */ = {isa = PBXBuildFile; fileRef = F044 /* BillingView.swift */; };
		A045 /* NotificationsListView.swift in Sources */ = {isa = PBXBuildFile; fileRef = F045 /* NotificationsListView.swift */; };
		A046 /* BookmarksView.swift in Sources */ = {isa = PBXBuildFile; fileRef = F046 /* BookmarksView.swift */; };
		A047 /* StudyPlannerView.swift in Sources */ = {isa = PBXBuildFile; fileRef = F047 /* StudyPlannerView.swift */; };
		A048 /* PaymentProofUploadView.swift in Sources */ = {isa = PBXBuildFile; fileRef = F048 /* PaymentProofUploadView.swift */; };
		A049 /* LessonNotebookModels.swift in Sources */ = {isa = PBXBuildFile; fileRef = F049 /* LessonNotebookModels.swift */; };
		A050 /* StudentNotesView.swift in Sources */ = {isa = PBXBuildFile; fileRef = F050 /* StudentNotesView.swift */; };
		A051 /* CanvasPersonalLayerView.swift in Sources */ = {isa = PBXBuildFile; fileRef = F051 /* CanvasPersonalLayerView.swift */; };
		AASSETS /* Assets.xcassets in Resources */ = {isa = PBXBuildFile; fileRef = FASSETS /* Assets.xcassets */; };
/* End PBXBuildFile section */

/* Begin PBXFileReference section */
		F001 /* XyndromeApp.swift */ = {isa = PBXFileReference; lastKnownFileType = sourcecode.swift; path = XyndromeApp.swift; sourceTree = "<group>"; };
		F002 /* AuthSession.swift */ = {isa = PBXFileReference; lastKnownFileType = sourcecode.swift; path = AuthSession.swift; sourceTree = "<group>"; };
		F003 /* AuthStore.swift */ = {isa = PBXFileReference; lastKnownFileType = sourcecode.swift; path = AuthStore.swift; sourceTree = "<group>"; };
		F004 /* KeychainStore.swift */ = {isa = PBXFileReference; lastKnownFileType = sourcecode.swift; path = KeychainStore.swift; sourceTree = "<group>"; };
		F005 /* APIClient.swift */ = {isa = PBXFileReference; lastKnownFileType = sourcecode.swift; path = APIClient.swift; sourceTree = "<group>"; };
		F006 /* APIEndpoint.swift */ = {isa = PBXFileReference; lastKnownFileType = sourcecode.swift; path = APIEndpoint.swift; sourceTree = "<group>"; };
		F007 /* APIError.swift */ = {isa = PBXFileReference; lastKnownFileType = sourcecode.swift; path = APIError.swift; sourceTree = "<group>"; };
		F008 /* AppPreferences.swift */ = {isa = PBXFileReference; lastKnownFileType = sourcecode.swift; path = AppPreferences.swift; sourceTree = "<group>"; };
		F009 /* CacheStore.swift */ = {isa = PBXFileReference; lastKnownFileType = sourcecode.swift; path = CacheStore.swift; sourceTree = "<group>"; };
		F010 /* XyndromeTheme.swift */ = {isa = PBXFileReference; lastKnownFileType = sourcecode.swift; name = XyndromeTheme.swift; path = Core/Design/XyndromeTheme.swift; sourceTree = "<group>"; };
		F010B /* AdaptiveLayout.swift */ = {isa = PBXFileReference; lastKnownFileType = sourcecode.swift; name = AdaptiveLayout.swift; path = Core/Design/AdaptiveLayout.swift; sourceTree = "<group>"; };
		F011 /* LoadingView.swift */ = {isa = PBXFileReference; lastKnownFileType = sourcecode.swift; name = LoadingView.swift; path = Core/Design/Components/LoadingView.swift; sourceTree = "<group>"; };
		F012 /* ErrorView.swift */ = {isa = PBXFileReference; lastKnownFileType = sourcecode.swift; name = ErrorView.swift; path = Core/Design/Components/ErrorView.swift; sourceTree = "<group>"; };
		F013 /* XyndromeTextField.swift */ = {isa = PBXFileReference; lastKnownFileType = sourcecode.swift; name = XyndromeTextField.swift; path = Core/Design/Components/XyndromeTextField.swift; sourceTree = "<group>"; };
		F014 /* AppRouter.swift */ = {isa = PBXFileReference; lastKnownFileType = sourcecode.swift; path = AppRouter.swift; sourceTree = "<group>"; };
		F015 /* AppRoute.swift */ = {isa = PBXFileReference; lastKnownFileType = sourcecode.swift; path = AppRoute.swift; sourceTree = "<group>"; };
		F016 /* DeepLinkHandler.swift */ = {isa = PBXFileReference; lastKnownFileType = sourcecode.swift; path = DeepLinkHandler.swift; sourceTree = "<group>"; };
		F017 /* PushNotificationManager.swift */ = {isa = PBXFileReference; lastKnownFileType = sourcecode.swift; path = PushNotificationManager.swift; sourceTree = "<group>"; };
		F018 /* AuthModels.swift */ = {isa = PBXFileReference; lastKnownFileType = sourcecode.swift; path = AuthModels.swift; sourceTree = "<group>"; };
		F019 /* CourseModels.swift */ = {isa = PBXFileReference; lastKnownFileType = sourcecode.swift; path = CourseModels.swift; sourceTree = "<group>"; };
		F020 /* AiNoteModels.swift */ = {isa = PBXFileReference; lastKnownFileType = sourcecode.swift; path = AiNoteModels.swift; sourceTree = "<group>"; };
		F021 /* QuizModels.swift */ = {isa = PBXFileReference; lastKnownFileType = sourcecode.swift; path = QuizModels.swift; sourceTree = "<group>"; };
		F022 /* ResultModels.swift */ = {isa = PBXFileReference; lastKnownFileType = sourcecode.swift; path = ResultModels.swift; sourceTree = "<group>"; };
		F023 /* BillingModels.swift */ = {isa = PBXFileReference; lastKnownFileType = sourcecode.swift; path = BillingModels.swift; sourceTree = "<group>"; };
		F024 /* NotificationModels.swift */ = {isa = PBXFileReference; lastKnownFileType = sourcecode.swift; path = NotificationModels.swift; sourceTree = "<group>"; };
		F025 /* PlannerModels.swift */ = {isa = PBXFileReference; lastKnownFileType = sourcecode.swift; path = PlannerModels.swift; sourceTree = "<group>"; };
		F026 /* BookmarkModels.swift */ = {isa = PBXFileReference; lastKnownFileType = sourcecode.swift; path = BookmarkModels.swift; sourceTree = "<group>"; };
		F027 /* DashboardModels.swift */ = {isa = PBXFileReference; lastKnownFileType = sourcecode.swift; path = DashboardModels.swift; sourceTree = "<group>"; };
		F028 /* AuthViewModel.swift */ = {isa = PBXFileReference; lastKnownFileType = sourcecode.swift; path = AuthViewModel.swift; sourceTree = "<group>"; };
		F029 /* LoginView.swift */ = {isa = PBXFileReference; lastKnownFileType = sourcecode.swift; path = LoginView.swift; sourceTree = "<group>"; };
		F030 /* RegisterView.swift */ = {isa = PBXFileReference; lastKnownFileType = sourcecode.swift; path = RegisterView.swift; sourceTree = "<group>"; };
		F031 /* ForgotPasswordView.swift */ = {isa = PBXFileReference; lastKnownFileType = sourcecode.swift; path = ForgotPasswordView.swift; sourceTree = "<group>"; };
		F032 /* ResetPasswordView.swift */ = {isa = PBXFileReference; lastKnownFileType = sourcecode.swift; path = ResetPasswordView.swift; sourceTree = "<group>"; };
		F033 /* StudentDashboardView.swift */ = {isa = PBXFileReference; lastKnownFileType = sourcecode.swift; path = StudentDashboardView.swift; sourceTree = "<group>"; };
		F034 /* CoursesView.swift */ = {isa = PBXFileReference; lastKnownFileType = sourcecode.swift; path = CoursesView.swift; sourceTree = "<group>"; };
		F035 /* CourseDetailView.swift */ = {isa = PBXFileReference; lastKnownFileType = sourcecode.swift; path = CourseDetailView.swift; sourceTree = "<group>"; };
		F036 /* AiNotesListView.swift */ = {isa = PBXFileReference; lastKnownFileType = sourcecode.swift; path = AiNotesListView.swift; sourceTree = "<group>"; };
		F037 /* AiNoteDetailView.swift */ = {isa = PBXFileReference; lastKnownFileType = sourcecode.swift; path = AiNoteDetailView.swift; sourceTree = "<group>"; };
		F038 /* NoteContentRenderer.swift */ = {isa = PBXFileReference; lastKnownFileType = sourcecode.swift; path = NoteContentRenderer.swift; sourceTree = "<group>"; };
		F039 /* QuizListView.swift */ = {isa = PBXFileReference; lastKnownFileType = sourcecode.swift; path = QuizListView.swift; sourceTree = "<group>"; };
		F040 /* PracticeQuizView.swift */ = {isa = PBXFileReference; lastKnownFileType = sourcecode.swift; path = PracticeQuizView.swift; sourceTree = "<group>"; };
		F041 /* ResultDetailView.swift */ = {isa = PBXFileReference; lastKnownFileType = sourcecode.swift; path = ResultDetailView.swift; sourceTree = "<group>"; };
		F042 /* FlashcardsView.swift */ = {isa = PBXFileReference; lastKnownFileType = sourcecode.swift; path = FlashcardsView.swift; sourceTree = "<group>"; };
		F043 /* ProfileView.swift */ = {isa = PBXFileReference; lastKnownFileType = sourcecode.swift; path = ProfileView.swift; sourceTree = "<group>"; };
		F044 /* BillingView.swift */ = {isa = PBXFileReference; lastKnownFileType = sourcecode.swift; path = BillingView.swift; sourceTree = "<group>"; };
		F045 /* NotificationsListView.swift */ = {isa = PBXFileReference; lastKnownFileType = sourcecode.swift; path = NotificationsListView.swift; sourceTree = "<group>"; };
		F046 /* BookmarksView.swift */ = {isa = PBXFileReference; lastKnownFileType = sourcecode.swift; path = BookmarksView.swift; sourceTree = "<group>"; };
		F047 /* StudyPlannerView.swift */ = {isa = PBXFileReference; lastKnownFileType = sourcecode.swift; path = StudyPlannerView.swift; sourceTree = "<group>"; };
		F048 /* PaymentProofUploadView.swift */ = {isa = PBXFileReference; lastKnownFileType = sourcecode.swift; path = PaymentProofUploadView.swift; sourceTree = "<group>"; };
		F049 /* LessonNotebookModels.swift */ = {isa = PBXFileReference; lastKnownFileType = sourcecode.swift; path = LessonNotebookModels.swift; sourceTree = "<group>"; };
		F050 /* StudentNotesView.swift */ = {isa = PBXFileReference; lastKnownFileType = sourcecode.swift; path = StudentNotesView.swift; sourceTree = "<group>"; };
		F051 /* CanvasPersonalLayerView.swift */ = {isa = PBXFileReference; lastKnownFileType = sourcecode.swift; path = CanvasPersonalLayerView.swift; sourceTree = "<group>"; };
		FASSETS /* Assets.xcassets */ = {isa = PBXFileReference; lastKnownFileType = folder.assetcatalog; name = Assets.xcassets; path = Resources/Assets.xcassets; sourceTree = "<group>"; };
		FENT /* Xyndrome.entitlements */ = {isa = PBXFileReference; lastKnownFileType = text.plist.entitlements; path = Xyndrome.entitlements; sourceTree = "<group>"; };
		FPLIST /* Info.plist */ = {isa = PBXFileReference; lastKnownFileType = text.plist.xml; path = Info.plist; sourceTree = "<group>"; };
		FPROD /* Xyndrome.app */ = {isa = PBXFileReference; explicitFileType = wrapper.application; includeInIndex = 0; path = Xyndrome.app; sourceTree = BUILT_PRODUCTS_DIR; };
/* End PBXFileReference section */

/* Begin PBXFrameworksBuildPhase section */
		FWK_PHASE /* Frameworks */ = {
			isa = PBXFrameworksBuildPhase;
			buildActionMask = 2147483647;
			files = (
			);
			runOnlyForDeploymentPostprocessing = 0;
		};
/* End PBXFrameworksBuildPhase section */

/* Begin PBXGroup section */
		GRP_APP /* Xyndrome */ = {
			isa = PBXGroup;
			children = (
				F001 /* XyndromeApp.swift */,
				FENT /* Xyndrome.entitlements */,
				FPLIST /* Info.plist */,
				FASSETS /* Assets.xcassets */,
				GRP_CORE /* Core */,
				GRP_FEATURES /* Features */,
				GRP_MODELS /* Models */,
			);
			path = Xyndrome;
			sourceTree = "<group>";
		};
		GRP_AUTH /* Auth */ = {
			isa = PBXGroup;
			children = (
				F002 /* AuthSession.swift */,
				F003 /* AuthStore.swift */,
				F004 /* KeychainStore.swift */,
			);
			name = Auth;
			path = Core/Auth;
			sourceTree = "<group>";
		};
		GRP_CORE /* Core */ = {
			isa = PBXGroup;
			children = (
				GRP_NETWORK /* Network */,
				GRP_AUTH /* Auth */,
				GRP_STORAGE /* Storage */,
				GRP_DESIGN /* Design */,
				GRP_NAV /* Navigation */,
				GRP_NOTIF /* Notifications */,
			);
			name = Core;
			sourceTree = "<group>";
		};
		GRP_DESIGN /* Design */ = {
			isa = PBXGroup;
			children = (
				F010 /* XyndromeTheme.swift */,
				F010B /* AdaptiveLayout.swift */,
				F011 /* LoadingView.swift */,
				F012 /* ErrorView.swift */,
				F013 /* XyndromeTextField.swift */,
			);
			name = Design;
			sourceTree = "<group>";
		};
		GRP_FEATURES /* Features */ = {
			isa = PBXGroup;
			children = (
				GRP_FEAT_AUTH /* Auth */,
				GRP_FEAT_DASH /* Dashboard */,
				GRP_FEAT_COURSES /* Courses */,
				GRP_FEAT_NOTES /* AiNotes */,
				GRP_FEAT_LESSON_NOTES /* Notes */,
				GRP_FEAT_QUIZ /* Quizzes */,
				GRP_FEAT_RESULTS /* Results */,
				GRP_FEAT_FLASH /* Flashcards */,
				GRP_FEAT_BOOKMARKS /* Bookmarks */,
				GRP_FEAT_PLANNER /* Planner */,
				GRP_FEAT_PROFILE /* Profile */,
				GRP_FEAT_BILLING /* Billing */,
				GRP_FEAT_NOTIF /* Notifications */,
			);
			name = Features;
			sourceTree = "<group>";
		};
		GRP_FEAT_AUTH /* Auth */ = {
			isa = PBXGroup;
			children = (
				F028 /* AuthViewModel.swift */,
				F029 /* LoginView.swift */,
				F030 /* RegisterView.swift */,
				F031 /* ForgotPasswordView.swift */,
				F032 /* ResetPasswordView.swift */,
			);
			name = Auth;
			path = Features/Auth;
			sourceTree = "<group>";
		};
		GRP_FEAT_BILLING /* Billing */ = {
			isa = PBXGroup;
			children = (
				F044 /* BillingView.swift */,
				F048 /* PaymentProofUploadView.swift */,
			);
			name = Billing;
			path = Features/Billing;
			sourceTree = "<group>";
		};
		GRP_FEAT_BOOKMARKS /* Bookmarks */ = {
			isa = PBXGroup;
			children = (
				F046 /* BookmarksView.swift */,
			);
			name = Bookmarks;
			path = Features/Bookmarks;
			sourceTree = "<group>";
		};
		GRP_FEAT_COURSES /* Courses */ = {
			isa = PBXGroup;
			children = (
				F034 /* CoursesView.swift */,
				F035 /* CourseDetailView.swift */,
			);
			name = Courses;
			path = Features/Courses;
			sourceTree = "<group>";
		};
		GRP_FEAT_DASH /* Dashboard */ = {
			isa = PBXGroup;
			children = (
				F033 /* StudentDashboardView.swift */,
			);
			name = Dashboard;
			path = Features/Dashboard;
			sourceTree = "<group>";
		};
		GRP_FEAT_FLASH /* Flashcards */ = {
			isa = PBXGroup;
			children = (
				F042 /* FlashcardsView.swift */,
			);
			name = Flashcards;
			path = Features/Flashcards;
			sourceTree = "<group>";
		};
		GRP_FEAT_NOTES /* AiNotes */ = {
			isa = PBXGroup;
			children = (
				F036 /* AiNotesListView.swift */,
				F037 /* AiNoteDetailView.swift */,
				F038 /* NoteContentRenderer.swift */,
				F051 /* CanvasPersonalLayerView.swift */,
			);
			name = AiNotes;
			path = Features/AiNotes;
			sourceTree = "<group>";
		};
		GRP_FEAT_LESSON_NOTES /* Notes */ = {
			isa = PBXGroup;
			children = (
				F050 /* StudentNotesView.swift */,
			);
			name = Notes;
			path = Features/Notes;
			sourceTree = "<group>";
		};
		GRP_FEAT_NOTIF /* Notifications */ = {
			isa = PBXGroup;
			children = (
				F045 /* NotificationsListView.swift */,
			);
			name = Notifications;
			path = Features/Notifications;
			sourceTree = "<group>";
		};
		GRP_FEAT_PROFILE /* Profile */ = {
			isa = PBXGroup;
			children = (
				F043 /* ProfileView.swift */,
			);
			name = Profile;
			path = Features/Profile;
			sourceTree = "<group>";
		};
		GRP_FEAT_PLANNER /* Planner */ = {
			isa = PBXGroup;
			children = (
				F047 /* StudyPlannerView.swift */,
			);
			name = Planner;
			path = Features/Planner;
			sourceTree = "<group>";
		};
		GRP_FEAT_QUIZ /* Quizzes */ = {
			isa = PBXGroup;
			children = (
				F039 /* QuizListView.swift */,
				F040 /* PracticeQuizView.swift */,
			);
			name = Quizzes;
			path = Features/Quizzes;
			sourceTree = "<group>";
		};
		GRP_FEAT_RESULTS /* Results */ = {
			isa = PBXGroup;
			children = (
				F041 /* ResultDetailView.swift */,
			);
			name = Results;
			path = Features/Results;
			sourceTree = "<group>";
		};
		GRP_MODELS /* Models */ = {
			isa = PBXGroup;
			children = (
				F018 /* AuthModels.swift */,
				F019 /* CourseModels.swift */,
				F049 /* LessonNotebookModels.swift */,
				F020 /* AiNoteModels.swift */,
				F021 /* QuizModels.swift */,
				F022 /* ResultModels.swift */,
				F023 /* BillingModels.swift */,
				F024 /* NotificationModels.swift */,
				F025 /* PlannerModels.swift */,
				F026 /* BookmarkModels.swift */,
				F027 /* DashboardModels.swift */,
			);
			path = Models;
			sourceTree = "<group>";
		};
		GRP_NAV /* Navigation */ = {
			isa = PBXGroup;
			children = (
				F014 /* AppRouter.swift */,
				F015 /* AppRoute.swift */,
				F016 /* DeepLinkHandler.swift */,
			);
			name = Navigation;
			path = Core/Navigation;
			sourceTree = "<group>";
		};
		GRP_NETWORK /* Network */ = {
			isa = PBXGroup;
			children = (
				F005 /* APIClient.swift */,
				F006 /* APIEndpoint.swift */,
				F007 /* APIError.swift */,
			);
			name = Network;
			path = Core/Network;
			sourceTree = "<group>";
		};
		GRP_NOTIF /* Notifications */ = {
			isa = PBXGroup;
			children = (
				F017 /* PushNotificationManager.swift */,
			);
			name = Notifications;
			path = Core/Notifications;
			sourceTree = "<group>";
		};
		GRP_PRODUCTS /* Products */ = {
			isa = PBXGroup;
			children = (
				FPROD /* Xyndrome.app */,
			);
			name = Products;
			sourceTree = "<group>";
		};
		GRP_STORAGE /* Storage */ = {
			isa = PBXGroup;
			children = (
				F008 /* AppPreferences.swift */,
				F009 /* CacheStore.swift */,
			);
			name = Storage;
			path = Core/Storage;
			sourceTree = "<group>";
		};
		ROOT = {
			isa = PBXGroup;
			children = (
				GRP_APP /* Xyndrome */,
				GRP_PRODUCTS /* Products */,
			);
			sourceTree = "<group>";
		};
/* End PBXGroup section */

/* Begin PBXNativeTarget section */
		TARGET1 /* Xyndrome */ = {
			isa = PBXNativeTarget;
			buildConfigurationList = BCLREF /* Build configuration list for PBXNativeTarget "Xyndrome" */;
			buildPhases = (
				SRC_PHASE /* Sources */,
				FWK_PHASE /* Frameworks */,
				RES_PHASE /* Resources */,
			);
			buildRules = (
			);
			dependencies = (
			);
			name = Xyndrome;
			productName = Xyndrome;
			productReference = FPROD /* Xyndrome.app */;
			productType = "com.apple.product-type.application";
		};
/* End PBXNativeTarget section */

/* Begin PBXProject section */
		PROJ1 /* Project object */ = {
			isa = PBXProject;
			attributes = {
				BuildIndependentTargetsInParallel = 1;
				LastUpgradeCheck = 1500;
				TargetAttributes = {
					TARGET1 = {
						CreatedOnToolsVersion = 15.0;
					};
				};
			};
			buildConfigurationList = PROJBCL /* Build configuration list for PBXProject "Xyndrome" */;
			compatibilityVersion = "Xcode 14.0";
			developmentRegion = en;
			hasScannedForEncodings = 0;
			knownRegions = (
				en,
				Base,
			);
			mainGroup = ROOT;
			productRefGroup = GRP_PRODUCTS /* Products */;
			projectDirPath = "";
			projectRoot = "";
			targets = (
				TARGET1 /* Xyndrome */,
			);
		};
/* End PBXProject section */

/* Begin PBXResourcesBuildPhase section */
		RES_PHASE /* Resources */ = {
			isa = PBXResourcesBuildPhase;
			buildActionMask = 2147483647;
			files = (
				AASSETS /* Assets.xcassets in Resources */,
			);
			runOnlyForDeploymentPostprocessing = 0;
		};
/* End PBXResourcesBuildPhase section */

/* Begin PBXSourcesBuildPhase section */
		SRC_PHASE /* Sources */ = {
			isa = PBXSourcesBuildPhase;
			buildActionMask = 2147483647;
			files = (
				A001 /* XyndromeApp.swift in Sources */,
				A002 /* AuthSession.swift in Sources */,
				A003 /* AuthStore.swift in Sources */,
				A004 /* KeychainStore.swift in Sources */,
				A005 /* APIClient.swift in Sources */,
				A006 /* APIEndpoint.swift in Sources */,
				A007 /* APIError.swift in Sources */,
				A008 /* AppPreferences.swift in Sources */,
				A009 /* CacheStore.swift in Sources */,
				A010 /* XyndromeTheme.swift in Sources */,
				A010B /* AdaptiveLayout.swift in Sources */,
				A011 /* LoadingView.swift in Sources */,
				A012 /* ErrorView.swift in Sources */,
				A013 /* XyndromeTextField.swift in Sources */,
				A014 /* AppRouter.swift in Sources */,
				A015 /* AppRoute.swift in Sources */,
				A016 /* DeepLinkHandler.swift in Sources */,
				A017 /* PushNotificationManager.swift in Sources */,
				A018 /* AuthModels.swift in Sources */,
				A019 /* CourseModels.swift in Sources */,
				A020 /* AiNoteModels.swift in Sources */,
				A021 /* QuizModels.swift in Sources */,
				A022 /* ResultModels.swift in Sources */,
				A023 /* BillingModels.swift in Sources */,
				A024 /* NotificationModels.swift in Sources */,
				A025 /* PlannerModels.swift in Sources */,
				A026 /* BookmarkModels.swift in Sources */,
				A027 /* DashboardModels.swift in Sources */,
				A028 /* AuthViewModel.swift in Sources */,
				A029 /* LoginView.swift in Sources */,
				A030 /* RegisterView.swift in Sources */,
				A031 /* ForgotPasswordView.swift in Sources */,
				A032 /* ResetPasswordView.swift in Sources */,
				A033 /* StudentDashboardView.swift in Sources */,
				A034 /* CoursesView.swift in Sources */,
				A035 /* CourseDetailView.swift in Sources */,
				A036 /* AiNotesListView.swift in Sources */,
				A037 /* AiNoteDetailView.swift in Sources */,
				A038 /* NoteContentRenderer.swift in Sources */,
				A039 /* QuizListView.swift in Sources */,
				A040 /* PracticeQuizView.swift in Sources */,
				A041 /* ResultDetailView.swift in Sources */,
				A042 /* FlashcardsView.swift in Sources */,
				A043 /* ProfileView.swift in Sources */,
				A044 /* BillingView.swift in Sources */,
				A045 /* NotificationsListView.swift in Sources */,
				A046 /* BookmarksView.swift in Sources */,
				A047 /* StudyPlannerView.swift in Sources */,
				A048 /* PaymentProofUploadView.swift in Sources */,
				A049 /* LessonNotebookModels.swift in Sources */,
				A050 /* StudentNotesView.swift in Sources */,
				A051 /* CanvasPersonalLayerView.swift in Sources */,
			);
			runOnlyForDeploymentPostprocessing = 0;
		};
/* End PBXSourcesBuildPhase section */

/* Begin XCBuildConfiguration section */
		BC_DEBUG /* Debug */ = {
			isa = XCBuildConfiguration;
			buildSettings = {
				ALWAYS_SEARCH_USER_PATHS = NO;
				ASSETCATALOG_COMPILER_GENERATE_SWIFT_ASSET_SYMBOL_EXTENSIONS = YES;
				CLANG_ANALYZER_NONNULL = YES;
				CLANG_ANALYZER_NUMBER_OBJECT_CONVERSION = YES_AGGRESSIVE;
				CLANG_CXX_LANGUAGE_STANDARD = "gnu++20";
				CLANG_ENABLE_MODULES = YES;
				CLANG_ENABLE_OBJC_ARC = YES;
				CLANG_ENABLE_OBJC_WEAK = YES;
				CLANG_WARN_BLOCK_CAPTURE_AUTORELEASING = YES;
				CLANG_WARN_BOOL_CONVERSION = YES;
				CLANG_WARN_COMMA = YES;
				CLANG_WARN_CONSTANT_CONVERSION = YES;
				CLANG_WARN_DEPRECATED_OBJC_IMPLEMENTATIONS = YES;
				CLANG_WARN_DIRECT_OBJC_ISA_USAGE = YES_ERROR;
				CLANG_WARN_DOCUMENTATION_COMMENTS = YES;
				CLANG_WARN_EMPTY_BODY = YES;
				CLANG_WARN_ENUM_CONVERSION = YES;
				CLANG_WARN_INFINITE_RECURSION = YES;
				CLANG_WARN_INT_CONVERSION = YES;
				CLANG_WARN_NON_LITERAL_NULL_CONVERSION = YES;
				CLANG_WARN_OBJC_IMPLICIT_RETAIN_SELF = YES;
				CLANG_WARN_OBJC_LITERAL_CONVERSION = YES;
				CLANG_WARN_OBJC_ROOT_CLASS = YES_ERROR;
				CLANG_WARN_QUOTED_INCLUDE_IN_FRAMEWORK_HEADER = YES;
				CLANG_WARN_RANGE_LOOP_ANALYSIS = YES;
				CLANG_WARN_STRICT_PROTOTYPES = YES;
				CLANG_WARN_SUSPICIOUS_MOVE = YES;
				CLANG_WARN_UNGUARDED_AVAILABILITY = YES_AGGRESSIVE;
				CLANG_WARN_UNREACHABLE_CODE = YES;
				CLANG_WARN__DUPLICATE_METHOD_MATCH = YES;
				COPY_PHASE_STRIP = NO;
				DEBUG_INFORMATION_FORMAT = dwarf;
				ENABLE_STRICT_OBJC_MSGSEND = YES;
				ENABLE_TESTABILITY = YES;
				ENABLE_USER_SCRIPT_SANDBOXING = YES;
				GCC_C_LANGUAGE_STANDARD = gnu17;
				GCC_DYNAMIC_NO_PIC = NO;
				GCC_NO_COMMON_BLOCKS = YES;
				GCC_OPTIMIZATION_LEVEL = 0;
				GCC_PREPROCESSOR_DEFINITIONS = (
					"DEBUG=1",
					"$(inherited)",
				);
				GCC_WARN_64_TO_32_BIT_CONVERSION = YES;
				GCC_WARN_ABOUT_RETURN_TYPE = YES_ERROR;
				GCC_WARN_UNDECLARED_SELECTOR = YES;
				GCC_WARN_UNINITIALIZED_AUTOS = YES_AGGRESSIVE;
				GCC_WARN_UNUSED_FUNCTION = YES;
				GCC_WARN_UNUSED_VARIABLE = YES;
				IPHONEOS_DEPLOYMENT_TARGET = 17.0;
				MTL_ENABLE_DEBUG_INFO = INCLUDE_SOURCE;
				MTL_FAST_MATH = YES;
				ONLY_ACTIVE_ARCH = YES;
				SDKROOT = iphoneos;
				SWIFT_ACTIVE_COMPILATION_CONDITIONS = "DEBUG $(inherited)";
				SWIFT_OPTIMIZATION_LEVEL = "-Onone";
			};
			name = Debug;
		};
		BC_RELEASE /* Release */ = {
			isa = XCBuildConfiguration;
			buildSettings = {
				ALWAYS_SEARCH_USER_PATHS = NO;
				ASSETCATALOG_COMPILER_GENERATE_SWIFT_ASSET_SYMBOL_EXTENSIONS = YES;
				CLANG_ANALYZER_NONNULL = YES;
				CLANG_ANALYZER_NUMBER_OBJECT_CONVERSION = YES_AGGRESSIVE;
				CLANG_CXX_LANGUAGE_STANDARD = "gnu++20";
				CLANG_ENABLE_MODULES = YES;
				CLANG_ENABLE_OBJC_ARC = YES;
				CLANG_ENABLE_OBJC_WEAK = YES;
				CLANG_WARN_BLOCK_CAPTURE_AUTORELEASING = YES;
				CLANG_WARN_BOOL_CONVERSION = YES;
				CLANG_WARN_COMMA = YES;
				CLANG_WARN_CONSTANT_CONVERSION = YES;
				CLANG_WARN_DEPRECATED_OBJC_IMPLEMENTATIONS = YES;
				CLANG_WARN_DIRECT_OBJC_ISA_USAGE = YES_ERROR;
				CLANG_WARN_DOCUMENTATION_COMMENTS = YES;
				CLANG_WARN_EMPTY_BODY = YES;
				CLANG_WARN_ENUM_CONVERSION = YES;
				CLANG_WARN_INFINITE_RECURSION = YES;
				CLANG_WARN_INT_CONVERSION = YES;
				CLANG_WARN_NON_LITERAL_NULL_CONVERSION = YES;
				CLANG_WARN_OBJC_IMPLICIT_RETAIN_SELF = YES;
				CLANG_WARN_OBJC_LITERAL_CONVERSION = YES;
				CLANG_WARN_OBJC_ROOT_CLASS = YES_ERROR;
				CLANG_WARN_QUOTED_INCLUDE_IN_FRAMEWORK_HEADER = YES;
				CLANG_WARN_RANGE_LOOP_ANALYSIS = YES;
				CLANG_WARN_STRICT_PROTOTYPES = YES;
				CLANG_WARN_SUSPICIOUS_MOVE = YES;
				CLANG_WARN_UNGUARDED_AVAILABILITY = YES_AGGRESSIVE;
				CLANG_WARN_UNREACHABLE_CODE = YES;
				CLANG_WARN__DUPLICATE_METHOD_MATCH = YES;
				COPY_PHASE_STRIP = NO;
				DEBUG_INFORMATION_FORMAT = "dwarf-with-dsym";
				ENABLE_NS_ASSERTIONS = NO;
				ENABLE_STRICT_OBJC_MSGSEND = YES;
				ENABLE_USER_SCRIPT_SANDBOXING = YES;
				GCC_C_LANGUAGE_STANDARD = gnu17;
				GCC_NO_COMMON_BLOCKS = YES;
				GCC_WARN_64_TO_32_BIT_CONVERSION = YES;
				GCC_WARN_ABOUT_RETURN_TYPE = YES_ERROR;
				GCC_WARN_UNDECLARED_SELECTOR = YES;
				GCC_WARN_UNINITIALIZED_AUTOS = YES_AGGRESSIVE;
				GCC_WARN_UNUSED_FUNCTION = YES;
				GCC_WARN_UNUSED_VARIABLE = YES;
				IPHONEOS_DEPLOYMENT_TARGET = 17.0;
				MTL_FAST_MATH = YES;
				SDKROOT = iphoneos;
				SWIFT_COMPILATION_MODE = wholemodule;
				SWIFT_OPTIMIZATION_LEVEL = "-O";
				VALIDATE_PRODUCT = YES;
			};
			name = Release;
		};
		BC_TARGET_DEBUG /* Debug */ = {
			isa = XCBuildConfiguration;
			buildSettings = {
				ASSETCATALOG_COMPILER_APPICON_NAME = AppIcon;
				ASSETCATALOG_COMPILER_GLOBAL_ACCENT_COLOR_NAME = AccentColor;
				CODE_SIGN_STYLE = Automatic;
				CURRENT_PROJECT_VERSION = 1;
				DEVELOPMENT_TEAM = PH6FJC2AHR;
				GENERATE_INFOPLIST_FILE = NO;
				INFOPLIST_FILE = Xyndrome/Info.plist;
				IPHONEOS_DEPLOYMENT_TARGET = 17.0;
				LD_RUNPATH_SEARCH_PATHS = (
					"$(inherited)",
					"@executable_path/Frameworks",
				);
				MARKETING_VERSION = 1.0.0;
				PRODUCT_BUNDLE_IDENTIFIER = com.erpm.medical.lms;
				PRODUCT_NAME = "$(TARGET_NAME)";
				SUPPORTED_PLATFORMS = "iphoneos iphonesimulator maccatalyst";
				SUPPORTS_MACCATALYST = YES;
				SWIFT_EMIT_LOC_STRINGS = YES;
				SWIFT_VERSION = 5.9;
				TARGETED_DEVICE_FAMILY = "1,2";
			};
			name = Debug;
		};
		BC_TARGET_RELEASE /* Release */ = {
			isa = XCBuildConfiguration;
			buildSettings = {
				ASSETCATALOG_COMPILER_APPICON_NAME = AppIcon;
				ASSETCATALOG_COMPILER_GLOBAL_ACCENT_COLOR_NAME = AccentColor;
				CODE_SIGN_STYLE = Automatic;
				CURRENT_PROJECT_VERSION = 1;
				DEVELOPMENT_TEAM = PH6FJC2AHR;
				GENERATE_INFOPLIST_FILE = NO;
				INFOPLIST_FILE = Xyndrome/Info.plist;
				IPHONEOS_DEPLOYMENT_TARGET = 17.0;
				LD_RUNPATH_SEARCH_PATHS = (
					"$(inherited)",
					"@executable_path/Frameworks",
				);
				MARKETING_VERSION = 1.0.0;
				PRODUCT_BUNDLE_IDENTIFIER = com.erpm.medical.lms;
				PRODUCT_NAME = "$(TARGET_NAME)";
				SUPPORTED_PLATFORMS = "iphoneos iphonesimulator maccatalyst";
				SUPPORTS_MACCATALYST = YES;
				SWIFT_EMIT_LOC_STRINGS = YES;
				SWIFT_VERSION = 5.9;
				TARGETED_DEVICE_FAMILY = "1,2";
			};
			name = Release;
		};
/* End XCBuildConfiguration section */

/* Begin XCConfigurationList section */
		BCLREF /* Build configuration list for PBXNativeTarget "Xyndrome" */ = {
			isa = XCConfigurationList;
			buildConfigurations = (
				BC_TARGET_DEBUG /* Debug */,
				BC_TARGET_RELEASE /* Release */,
			);
			defaultConfigurationIsVisible = 0;
			defaultConfigurationName = Release;
		};
		PROJBCL /* Build configuration list for PBXProject "Xyndrome" */ = {
			isa = XCConfigurationList;
			buildConfigurations = (
				BC_DEBUG /* Debug */,
				BC_RELEASE /* Release */,
			);
			defaultConfigurationIsVisible = 0;
			defaultConfigurationName = Release;
		};
/* End XCConfigurationList section */
	};
	rootObject = PROJ1 /* Project object */;
}
